
Microsoft Visual Studio Solution File, Format Version 12.00
# Visual Studio Version 17
VisualStudioVersion = 17.14.36109.1 d17.14
MinimumVisualStudioVersion = 10.0.40219.1
Project("{FAE04EC0-301F-11D3-BF4B-00C04F79EFBC}") = "WarehouseApp", "WarehouseApp\WarehouseApp.csproj", "{23598B26-1400-4C59-822A-291FF97FCE4C}"
EndProject
Project("{FAE04EC0-301F-11D3-BF4B-00C04F79EFBC}") = "WarehouseLibrary", "WarehouseLibrary\WarehouseLibrary.csproj", "{F9E1B6B5-BDC2-4CC2-8B46-80C5D67FDAE2}"
EndProject
Global
	GlobalSection(SolutionConfigurationPlatforms) = preSolution
		Debug|Any CPU = Debug|Any CPU
		Release|Any CPU = Release|Any CPU
	EndGlobalSection
	GlobalSection(ProjectConfigurationPlatforms) = postSolution
		{23598B26-1400-4C59-822A-291FF97FCE4C}.Debug|Any CPU.ActiveCfg = Debug|Any CPU
		{23598B26-1400-4C59-822A-291FF97FCE4C}.Debug|Any CPU.Build.0 = Debug|Any CPU
		{23598B26-1400-4C59-822A-291FF97FCE4C}.Release|Any CPU.ActiveCfg = Release|Any CPU
		{23598B26-1400-4C59-822A-291FF97FCE4C}.Release|Any CPU.Build.0 = Release|Any CPU
		{F9E1B6B5-BDC2-4CC2-8B46-80C5D67FDAE2}.Debug|Any CPU.ActiveCfg = Debug|Any CPU
		{F9E1B6B5-BDC2-4CC2-8B46-80C5D67FDAE2}.Debug|Any CPU.Build.0 = Debug|Any CPU
		{F9E1B6B5-BDC2-4CC2-8B46-80C5D67FDAE2}.Release|Any CPU.ActiveCfg = Release|Any CPU
		{F9E1B6B5-BDC2-4CC2-8B46-80C5D67FDAE2}.Release|Any CPU.Build.0 = Release|Any CPU
	EndGlobalSection
	GlobalSection(SolutionProperties) = preSolution
		HideSolutionNode = FALSE
	EndGlobalSection
	GlobalSection(ExtensibilityGlobals) = postSolution
		SolutionGuid = {A9A2B16E-5A02-45A8-B813-BEBEB726C77A}
	EndGlobalSection
EndGlobal
